// !$*UTF8*$!
{
	archiveVersion = 1;
	classes = {
	};
	objectVersion = 46;
	objects = {

/* Begin PBXBuildFile section */
		499ED9281725C2DC00440EB7 /* Default-Landscape~ipad.png in Resources */ = {isa = PBXBuildFile; fileRef = 499ED9271725C2DC00440EB7 /* Default-Landscape~ipad.png */; };
		499ED92A1725C2E500440EB7 /* Default-Landscape@2x~ipad.png in Resources */ = {isa = PBXBuildFile; fileRef = 499ED9291725C2E500440EB7 /* Default-Landscape@2x~ipad.png */; };
		499ED92E1725C3CB00440EB7 /* icon-retina.png in Resources */ = {isa = PBXBuildFile; fileRef = 499ED92D1725C3CB00440EB7 /* icon-retina.png */; };
		499ED92F1725C40600440EB7 /* icon.png in Resources */ = {isa = PBXBuildFile; fileRef = 499ED92B1725C32D00440EB7 /* icon.png */; };
		499ED9381725C44200440EB7 /* icon-retina.png in Resources */ = {isa = PBXBuildFile; fileRef = 499ED9301725C44200440EB7 /* icon-retina.png */; };
		499ED9391725C44200440EB7 /* icon.png in Resources */ = {isa = PBXBuildFile; fileRef = 499ED9311725C44200440EB7 /* icon.png */; };
		499ED93A1725C44200440EB7 /* sawtooth.png in Resources */ = {isa = PBXBuildFile; fileRef = 499ED9321725C44200440EB7 /* sawtooth.png */; };
		499ED93B1725C44200440EB7 /* sine.png in Resources */ = {isa = PBXBuildFile; fileRef = 499ED9331725C44200440EB7 /* sine.png */; };
		499ED93C1725C44200440EB7 /* splash.png in Resources */ = {isa = PBXBuildFile; fileRef = 499ED9341725C44200440EB7 /* splash.png */; };
		499ED93D1725C44200440EB7 /* square.png in Resources */ = {isa = PBXBuildFile; fileRef = 499ED9351725C44200440EB7 /* square.png */; };
		499ED93E1725C44200440EB7 /* store-icon.png in Resources */ = {isa = PBXBuildFile; fileRef = 499ED9361725C44200440EB7 /* store-icon.png */; };
		499ED93F1725C44200440EB7 /* triangle.png in Resources */ = {isa = PBXBuildFile; fileRef = 499ED9371725C44200440EB7 /* triangle.png */; };
		49A070ED1718C62A00FC74AE /* QSSoundButton.m in Sources */ = {isa = PBXBuildFile; fileRef = 49A070EC1718C62A00FC74AE /* QSSoundButton.m */; };
		49A08E4F1718FEFC00362360 /* QSSoundPopoverController.m in Sources */ = {isa = PBXBuildFile; fileRef = 49A08E4D1718FEFC00362360 /* QSSoundPopoverController.m */; };
		49A08E501718FEFC00362360 /* QSSoundPopoverController.xib in Resources */ = {isa = PBXBuildFile; fileRef = 49A08E4E1718FEFC00362360 /* QSSoundPopoverController.xib */; };
		49A5B70A171A2F3A00199158 /* QSSnapSize.m in Sources */ = {isa = PBXBuildFile; fileRef = 49A5B709171A2F3A00199158 /* QSSnapSize.m */; };
		49A8F1A417178BD1002E3453 /* QSScoreView.m in Sources */ = {isa = PBXBuildFile; fileRef = 49A8F1A317178BD1002E3453 /* QSScoreView.m */; };
		49AC9EDF1719EF05003450EB /* QSOptionsPopoverController.m in Sources */ = {isa = PBXBuildFile; fileRef = 49AC9EDD1719EF04003450EB /* QSOptionsPopoverController.m */; };
		49AC9EE01719EF05003450EB /* QSOptionsPopoverController.xib in Resources */ = {isa = PBXBuildFile; fileRef = 49AC9EDE1719EF05003450EB /* QSOptionsPopoverController.xib */; };
		49AE8ED7171615C000A84C5A /* QSSoundNode.m in Sources */ = {isa = PBXBuildFile; fileRef = 49AE8ED6171615C000A84C5A /* QSSoundNode.m */; };
		49BB6943170CDB0900029AE9 /* QSAudioEngine.m in Sources */ = {isa = PBXBuildFile; fileRef = 49BB6942170CDB0900029AE9 /* QSAudioEngine.m */; };
		49DEFE111703BE7C004EA2AE /* AudioToolbox.framework in Frameworks */ = {isa = PBXBuildFile; fileRef = 49DEFE101703BE7C004EA2AE /* AudioToolbox.framework */; };
		49DEFE131703BE8C004EA2AE /* CoreAudio.framework in Frameworks */ = {isa = PBXBuildFile; fileRef = 49DEFE121703BE8C004EA2AE /* CoreAudio.framework */; };
		49F2127216EEA6F100721674 /* UIKit.framework in Frameworks */ = {isa = PBXBuildFile; fileRef = 49F2127116EEA6F100721674 /* UIKit.framework */; };
		49F2127416EEA6F100721674 /* Foundation.framework in Frameworks */ = {isa = PBXBuildFile; fileRef = 49F2127316EEA6F100721674 /* Foundation.framework */; };
		49F2127616EEA6F100721674 /* CoreGraphics.framework in Frameworks */ = {isa = PBXBuildFile; fileRef = 49F2127516EEA6F100721674 /* CoreGraphics.framework */; };
		49F2127C16EEA6F100721674 /* InfoPlist.strings in Resources */ = {isa = PBXBuildFile; fileRef = 49F2127A16EEA6F100721674 /* InfoPlist.strings */; };
		49F2127E16EEA6F100721674 /* main.m in Sources */ = {isa = PBXBuildFile; fileRef = 49F2127D16EEA6F100721674 /* main.m */; };
		49F2128216EEA6F100721674 /* QSAppDelegate.m in Sources */ = {isa = PBXBuildFile; fileRef = 49F2128116EEA6F100721674 /* QSAppDelegate.m */; };
		49F2128416EEA6F100721674 /* Default.png in Resources */ = {isa = PBXBuildFile; fileRef = 49F2128316EEA6F100721674 /* Default.png */; };
		49F2128616EEA6F100721674 /* Default@2x.png in Resources */ = {isa = PBXBuildFile; fileRef = 49F2128516EEA6F100721674 /* Default@2x.png */; };
		49F2128816EEA6F100721674 /* Default-568h@2x.png in Resources */ = {isa = PBXBuildFile; fileRef = 49F2128716EEA6F100721674 /* Default-568h@2x.png */; };
		49F2128B16EEA6F100721674 /* QSViewController.m in Sources */ = {isa = PBXBuildFile; fileRef = 49F2128A16EEA6F100721674 /* QSViewController.m */; };
		49F2128E16EEA6F100721674 /* QSViewController.xib in Resources */ = {isa = PBXBuildFile; fileRef = 49F2128C16EEA6F100721674 /* QSViewController.xib */; };
		49F2129616EEA6F100721674 /* SenTestingKit.framework in Frameworks */ = {isa = PBXBuildFile; fileRef = 49F2129516EEA6F100721674 /* SenTestingKit.framework */; };
		49F2129716EEA6F100721674 /* UIKit.framework in Frameworks */ = {isa = PBXBuildFile; fileRef = 49F2127116EEA6F100721674 /* UIKit.framework */; };
		49F2129816EEA6F100721674 /* Foundation.framework in Frameworks */ = {isa = PBXBuildFile; fileRef = 49F2127316EEA6F100721674 /* Foundation.framework */; };
		49F212A016EEA6F100721674 /* InfoPlist.strings in Resources */ = {isa = PBXBuildFile; fileRef = 49F2129E16EEA6F100721674 /* InfoPlist.strings */; };
		49F212A316EEA6F100721674 /* quicksynthTests.m in Sources */ = {isa = PBXBuildFile; fileRef = 49F212A216EEA6F100721674 /* quicksynthTests.m */; };
		49F32A4216EEECBE00D8329C /* QSScore.m in Sources */ = {isa = PBXBuildFile; fileRef = 49F32A4116EEECBE00D8329C /* QSScore.m */; };
		49F32A4516EEEDA800D8329C /* QSSound.m in Sources */ = {isa = PBXBuildFile; fileRef = 49F32A4416EEEDA700D8329C /* QSSound.m */; };
		49F32A4816EEF81000D8329C /* QSModifier.m in Sources */ = {isa = PBXBuildFile; fileRef = 49F32A4716EEF81000D8329C /* QSModifier.m */; };
/* End PBXBuildFile section */

/* Begin PBXContainerItemProxy section */
		49F2129916EEA6F100721674 /* PBXContainerItemProxy */ = {
			isa = PBXContainerItemProxy;
			containerPortal = 49F2126616EEA6F100721674 /* Project object */;
			proxyType = 1;
			remoteGlobalIDString = 49F2126D16EEA6F100721674;
			remoteInfo = quicksynth;
		};
/* End PBXContainerItemProxy section */

/* Begin PBXFileReference section */
		499ED9271725C2DC00440EB7 /* Default-Landscape~ipad.png */ = {isa = PBXFileReference; lastKnownFileType = image.png; path = "Default-Landscape~ipad.png"; sourceTree = "<group>"; };
		499ED9291725C2E500440EB7 /* Default-Landscape@2x~ipad.png */ = {isa = PBXFileReference; lastKnownFileType = image.png; path = "Default-Landscape@2x~ipad.png"; sourceTree = "<group>"; };
		499ED92B1725C32D00440EB7 /* icon.png */ = {isa = PBXFileReference; lastKnownFileType = image.png; path = icon.png; sourceTree = "<group>"; };
		499ED92D1725C3CB00440EB7 /* icon-retina.png */ = {isa = PBXFileReference; lastKnownFileType = image.png; path = "icon-retina.png"; sourceTree = "<group>"; };
		499ED9301725C44200440EB7 /* icon-retina.png */ = {isa = PBXFileReference; lastKnownFileType = image.png; path = "icon-retina.png"; sourceTree = "<group>"; };
		499ED9311725C44200440EB7 /* icon.png */ = {isa = PBXFileReference; lastKnownFileType = image.png; path = icon.png; sourceTree = "<group>"; };
		499ED9321725C44200440EB7 /* sawtooth.png */ = {isa = PBXFileReference; lastKnownFileType = image.png; path = sawtooth.png; sourceTree = "<group>"; };
		499ED9331725C44200440EB7 /* sine.png */ = {isa = PBXFileReference; lastKnownFileType = image.png; path = sine.png; sourceTree = "<group>"; };
		499ED9341725C44200440EB7 /* splash.png */ = {isa = PBXFileReference; lastKnownFileType = image.png; path = splash.png; sourceTree = "<group>"; };
		499ED9351725C44200440EB7 /* square.png */ = {isa = PBXFileReference; lastKnownFileType = image.png; path = square.png; sourceTree = "<group>"; };
		499ED9361725C44200440EB7 /* store-icon.png */ = {isa = PBXFileReference; lastKnownFileType = image.png; path = "store-icon.png"; sourceTree = "<group>"; };
		499ED9371725C44200440EB7 /* triangle.png */ = {isa = PBXFileReference; lastKnownFileType = image.png; path = triangle.png; sourceTree = "<group>"; };
		49A070EB1718C62A00FC74AE /* QSSoundButton.h */ = {isa = PBXFileReference; fileEncoding = 4; lastKnownFileType = sourcecode.c.h; path = QSSoundButton.h; sourceTree = "<group>"; };
		49A070EC1718C62A00FC74AE /* QSSoundButton.m */ = {isa = PBXFileReference; fileEncoding = 4; lastKnownFileType = sourcecode.c.objc; path = QSSoundButton.m; sourceTree = "<group>"; };
		49A08E4C1718FEFC00362360 /* QSSoundPopoverController.h */ = {isa = PBXFileReference; fileEncoding = 4; lastKnownFileType = sourcecode.c.h; path = QSSoundPopoverController.h; sourceTree = "<group>"; };
		49A08E4D1718FEFC00362360 /* QSSoundPopoverController.m */ = {isa = PBXFileReference; fileEncoding = 4; lastKnownFileType = sourcecode.c.objc; path = QSSoundPopoverController.m; sourceTree = "<group>"; };
		49A08E4E1718FEFC00362360 /* QSSoundPopoverController.xib */ = {isa = PBXFileReference; fileEncoding = 4; lastKnownFileType = file.xib; path = QSSoundPopoverController.xib; sourceTree = "<group>"; };
		49A08E5117190DF000362360 /* WaveType.h */ = {isa = PBXFileReference; lastKnownFileType = sourcecode.c.h; path = WaveType.h; sourceTree = "<group>"; };
		49A5B708171A2F3A00199158 /* QSSnapSize.h */ = {isa = PBXFileReference; fileEncoding = 4; lastKnownFileType = sourcecode.c.h; path = QSSnapSize.h; sourceTree = "<group>"; };
		49A5B709171A2F3A00199158 /* QSSnapSize.m */ = {isa = PBXFileReference; fileEncoding = 4; lastKnownFileType = sourcecode.c.objc; path = QSSnapSize.m; sourceTree = "<group>"; };
		49A8F1A217178BD1002E3453 /* QSScoreView.h */ = {isa = PBXFileReference; fileEncoding = 4; lastKnownFileType = sourcecode.c.h; path = QSScoreView.h; sourceTree = "<group>"; };
		49A8F1A317178BD1002E3453 /* QSScoreView.m */ = {isa = PBXFileReference; fileEncoding = 4; lastKnownFileType = sourcecode.c.objc; path = QSScoreView.m; sourceTree = "<group>"; };
		49AC9EDC1719EF04003450EB /* QSOptionsPopoverController.h */ = {isa = PBXFileReference; fileEncoding = 4; lastKnownFileType = sourcecode.c.h; path = QSOptionsPopoverController.h; sourceTree = "<group>"; };
		49AC9EDD1719EF04003450EB /* QSOptionsPopoverController.m */ = {isa = PBXFileReference; fileEncoding = 4; lastKnownFileType = sourcecode.c.objc; path = QSOptionsPopoverController.m; sourceTree = "<group>"; };
		49AC9EDE1719EF05003450EB /* QSOptionsPopoverController.xib */ = {isa = PBXFileReference; fileEncoding = 4; lastKnownFileType = file.xib; path = QSOptionsPopoverController.xib; sourceTree = "<group>"; };
		49AE8ED5171615C000A84C5A /* QSSoundNode.h */ = {isa = PBXFileReference; fileEncoding = 4; lastKnownFileType = sourcecode.c.h; path = QSSoundNode.h; sourceTree = "<group>"; };
		49AE8ED6171615C000A84C5A /* QSSoundNode.m */ = {isa = PBXFileReference; fileEncoding = 4; lastKnownFileType = sourcecode.c.objc; path = QSSoundNode.m; sourceTree = "<group>"; };
		49BB6941170CDB0900029AE9 /* QSAudioEngine.h */ = {isa = PBXFileReference; fileEncoding = 4; lastKnownFileType = sourcecode.c.h; path = QSAudioEngine.h; sourceTree = "<group>"; };
		49BB6942170CDB0900029AE9 /* QSAudioEngine.m */ = {isa = PBXFileReference; fileEncoding = 4; lastKnownFileType = sourcecode.c.objc; path = QSAudioEngine.m; sourceTree = "<group>"; };
		49DEFE0E1703B64D004EA2AE /* AudioUnit.framework */ = {isa = PBXFileReference; lastKnownFileType = wrapper.framework; name = AudioUnit.framework; path = System/Library/Frameworks/AudioUnit.framework; sourceTree = SDKROOT; };
		49DEFE101703BE7C004EA2AE /* AudioToolbox.framework */ = {isa = PBXFileReference; lastKnownFileType = wrapper.framework; name = AudioToolbox.framework; path = System/Library/Frameworks/AudioToolbox.framework; sourceTree = SDKROOT; };
		49DEFE121703BE8C004EA2AE /* CoreAudio.framework */ = {isa = PBXFileReference; lastKnownFileType = wrapper.framework; name = CoreAudio.framework; path = System/Library/Frameworks/CoreAudio.framework; sourceTree = SDKROOT; };
		49F2126E16EEA6F100721674 /* quicksynth.app */ = {isa = PBXFileReference; explicitFileType = wrapper.application; includeInIndex = 0; path = quicksynth.app; sourceTree = BUILT_PRODUCTS_DIR; };
		49F2127116EEA6F100721674 /* UIKit.framework */ = {isa = PBXFileReference; lastKnownFileType = wrapper.framework; name = UIKit.framework; path = System/Library/Frameworks/UIKit.framework; sourceTree = SDKROOT; };
		49F2127316EEA6F100721674 /* Foundation.framework */ = {isa = PBXFileReference; lastKnownFileType = wrapper.framework; name = Foundation.framework; path = System/Library/Frameworks/Foundation.framework; sourceTree = SDKROOT; };
		49F2127516EEA6F100721674 /* CoreGraphics.framework */ = {isa = PBXFileReference; lastKnownFileType = wrapper.framework; name = CoreGraphics.framework; path = System/Library/Frameworks/CoreGraphics.framework; sourceTree = SDKROOT; };
		49F2127916EEA6F100721674 /* quicksynth-Info.plist */ = {isa = PBXFileReference; lastKnownFileType = text.plist.xml; path = "quicksynth-Info.plist"; sourceTree = "<group>"; };
		49F2127B16EEA6F100721674 /* en */ = {isa = PBXFileReference; lastKnownFileType = text.plist.strings; name = en; path = en.lproj/InfoPlist.strings; sourceTree = "<group>"; };
		49F2127D16EEA6F100721674 /* main.m */ = {isa = PBXFileReference; lastKnownFileType = sourcecode.c.objc; path = main.m; sourceTree = "<group>"; };
		49F2127F16EEA6F100721674 /* quicksynth-Prefix.pch */ = {isa = PBXFileReference; lastKnownFileType = sourcecode.c.h; path = "quicksynth-Prefix.pch"; sourceTree = "<group>"; };
		49F2128016EEA6F100721674 /* QSAppDelegate.h */ = {isa = PBXFileReference; lastKnownFileType = sourcecode.c.h; path = QSAppDelegate.h; sourceTree = "<group>"; };
		49F2128116EEA6F100721674 /* QSAppDelegate.m */ = {isa = PBXFileReference; lastKnownFileType = sourcecode.c.objc; path = QSAppDelegate.m; sourceTree = "<group>"; };
		49F2128316EEA6F100721674 /* Default.png */ = {isa = PBXFileReference; lastKnownFileType = image.png; path = Default.png; sourceTree = "<group>"; };
		49F2128516EEA6F100721674 /* Default@2x.png */ = {isa = PBXFileReference; lastKnownFileType = image.png; path = "Default@2x.png"; sourceTree = "<group>"; };
		49F2128716EEA6F100721674 /* Default-568h@2x.png */ = {isa = PBXFileReference; lastKnownFileType = image.png; path = "Default-568h@2x.png"; sourceTree = "<group>"; };
		49F2128916EEA6F100721674 /* QSViewController.h */ = {isa = PBXFileReference; lastKnownFileType = sourcecode.c.h; path = QSViewController.h; sourceTree = "<group>"; };
		49F2128A16EEA6F100721674 /* QSViewController.m */ = {isa = PBXFileReference; lastKnownFileType = sourcecode.c.objc; path = QSViewController.m; sourceTree = "<group>"; };
		49F2128D16EEA6F100721674 /* en */ = {isa = PBXFileReference; lastKnownFileType = file.xib; name = en; path = en.lproj/QSViewController.xib; sourceTree = "<group>"; };
		49F2129416EEA6F100721674 /* quicksynthTests.octest */ = {isa = PBXFileReference; explicitFileType = wrapper.cfbundle; includeInIndex = 0; path = quicksynthTests.octest; sourceTree = BUILT_PRODUCTS_DIR; };
		49F2129516EEA6F100721674 /* SenTestingKit.framework */ = {isa = PBXFileReference; lastKnownFileType = wrapper.framework; name = SenTestingKit.framework; path = Library/Frameworks/SenTestingKit.framework; sourceTree = DEVELOPER_DIR; };
		49F2129D16EEA6F100721674 /* quicksynthTests-Info.plist */ = {isa = PBXFileReference; lastKnownFileType = text.plist.xml; path = "quicksynthTests-Info.plist"; sourceTree = "<group>"; };
		49F2129F16EEA6F100721674 /* en */ = {isa = PBXFileReference; lastKnownFileType = text.plist.strings; name = en; path = en.lproj/InfoPlist.strings; sourceTree = "<group>"; };
		49F212A116EEA6F100721674 /* quicksynthTests.h */ = {isa = PBXFileReference; lastKnownFileType = sourcecode.c.h; path = quicksynthTests.h; sourceTree = "<group>"; };
		49F212A216EEA6F100721674 /* quicksynthTests.m */ = {isa = PBXFileReference; lastKnownFileType = sourcecode.c.objc; path = quicksynthTests.m; sourceTree = "<group>"; };
		49F32A4016EEECBE00D8329C /* QSScore.h */ = {isa = PBXFileReference; fileEncoding = 4; lastKnownFileType = sourcecode.c.h; path = QSScore.h; sourceTree = "<group>"; };
		49F32A4116EEECBE00D8329C /* QSScore.m */ = {isa = PBXFileReference; fileEncoding = 4; lastKnownFileType = sourcecode.c.objc; path = QSScore.m; sourceTree = "<group>"; };
		49F32A4316EEEDA700D8329C /* QSSound.h */ = {isa = PBXFileReference; fileEncoding = 4; lastKnownFileType = sourcecode.c.h; path = QSSound.h; sourceTree = "<group>"; };
		49F32A4416EEEDA700D8329C /* QSSound.m */ = {isa = PBXFileReference; fileEncoding = 4; lastKnownFileType = sourcecode.c.objc; path = QSSound.m; sourceTree = "<group>"; };
		49F32A4616EEF81000D8329C /* QSModifier.h */ = {isa = PBXFileReference; fileEncoding = 4; lastKnownFileType = sourcecode.c.h; path = QSModifier.h; sourceTree = "<group>"; };
		49F32A4716EEF81000D8329C /* QSModifier.m */ = {isa = PBXFileReference; fileEncoding = 4; lastKnownFileType = sourcecode.c.objc; path = QSModifier.m; sourceTree = "<group>"; };
/* End PBXFileReference section */

/* Begin PBXFrameworksBuildPhase section */
		49F2126B16EEA6F100721674 /* Frameworks */ = {
			isa = PBXFrameworksBuildPhase;
			buildActionMask = 2147483647;
			files = (
				49DEFE131703BE8C004EA2AE /* CoreAudio.framework in Frameworks */,
				49DEFE111703BE7C004EA2AE /* AudioToolbox.framework in Frameworks */,
				49F2127216EEA6F100721674 /* UIKit.framework in Frameworks */,
				49F2127416EEA6F100721674 /* Foundation.framework in Frameworks */,
				49F2127616EEA6F100721674 /* CoreGraphics.framework in Frameworks */,
			);
			runOnlyForDeploymentPostprocessing = 0;
		};
		49F2129016EEA6F100721674 /* Frameworks */ = {
			isa = PBXFrameworksBuildPhase;
			buildActionMask = 2147483647;
			files = (
				49F2129616EEA6F100721674 /* SenTestingKit.framework in Frameworks */,
				49F2129716EEA6F100721674 /* UIKit.framework in Frameworks */,
				49F2129816EEA6F100721674 /* Foundation.framework in Frameworks */,
			);
			runOnlyForDeploymentPostprocessing = 0;
		};
/* End PBXFrameworksBuildPhase section */

/* Begin PBXGroup section */
		49A070EE1718C62F00FC74AE /* Interface */ = {
			isa = PBXGroup;
			children = (
				49A08E4C1718FEFC00362360 /* QSSoundPopoverController.h */,
				49A08E4D1718FEFC00362360 /* QSSoundPopoverController.m */,
				49A08E4E1718FEFC00362360 /* QSSoundPopoverController.xib */,
				49A8F1A217178BD1002E3453 /* QSScoreView.h */,
				49A8F1A317178BD1002E3453 /* QSScoreView.m */,
				49A070EB1718C62A00FC74AE /* QSSoundButton.h */,
				49A070EC1718C62A00FC74AE /* QSSoundButton.m */,
				49A5B708171A2F3A00199158 /* QSSnapSize.h */,
				49A5B709171A2F3A00199158 /* QSSnapSize.m */,
				49AC9EDC1719EF04003450EB /* QSOptionsPopoverController.h */,
				49AC9EDD1719EF04003450EB /* QSOptionsPopoverController.m */,
				49AC9EDE1719EF05003450EB /* QSOptionsPopoverController.xib */,
			);
			name = Interface;
			sourceTree = "<group>";
		};
		49AE8ED8171615DC00A84C5A /* AudioEngine */ = {
			isa = PBXGroup;
			children = (
				49BB6941170CDB0900029AE9 /* QSAudioEngine.h */,
				49BB6942170CDB0900029AE9 /* QSAudioEngine.m */,
				49AE8ED5171615C000A84C5A /* QSSoundNode.h */,
				49AE8ED6171615C000A84C5A /* QSSoundNode.m */,
			);
			name = AudioEngine;
			sourceTree = "<group>";
		};
		49AE8ED9171615F800A84C5A /* Score */ = {
			isa = PBXGroup;
			children = (
				49F32A4016EEECBE00D8329C /* QSScore.h */,
				49F32A4116EEECBE00D8329C /* QSScore.m */,
				49F32A4316EEEDA700D8329C /* QSSound.h */,
				49F32A4416EEEDA700D8329C /* QSSound.m */,
				49F32A4616EEF81000D8329C /* QSModifier.h */,
				49F32A4716EEF81000D8329C /* QSModifier.m */,
				49A08E5117190DF000362360 /* WaveType.h */,
			);
			name = Score;
			sourceTree = "<group>";
		};
		49F2126516EEA6F100721674 = {
			isa = PBXGroup;
			children = (
				499ED92D1725C3CB00440EB7 /* icon-retina.png */,
				499ED92B1725C32D00440EB7 /* icon.png */,
				499ED9291725C2E500440EB7 /* Default-Landscape@2x~ipad.png */,
				499ED9271725C2DC00440EB7 /* Default-Landscape~ipad.png */,
				49DEFE121703BE8C004EA2AE /* CoreAudio.framework */,
				49DEFE101703BE7C004EA2AE /* AudioToolbox.framework */,
				49DEFE0E1703B64D004EA2AE /* AudioUnit.framework */,
				49F2127716EEA6F100721674 /* quicksynth */,
				49F2129B16EEA6F100721674 /* quicksynthTests */,
				49F2127016EEA6F100721674 /* Frameworks */,
				49F2126F16EEA6F100721674 /* Products */,
			);
			sourceTree = "<group>";
		};
		49F2126F16EEA6F100721674 /* Products */ = {
			isa = PBXGroup;
			children = (
				49F2126E16EEA6F100721674 /* quicksynth.app */,
				49F2129416EEA6F100721674 /* quicksynthTests.octest */,
			);
			name = Products;
			sourceTree = "<group>";
		};
		49F2127016EEA6F100721674 /* Frameworks */ = {
			isa = PBXGroup;
			children = (
				49F2127116EEA6F100721674 /* UIKit.framework */,
				49F2127316EEA6F100721674 /* Foundation.framework */,
				49F2127516EEA6F100721674 /* CoreGraphics.framework */,
				49F2129516EEA6F100721674 /* SenTestingKit.framework */,
			);
			name = Frameworks;
			sourceTree = "<group>";
		};
		49F2127716EEA6F100721674 /* quicksynth */ = {
			isa = PBXGroup;
			children = (
				49A070EE1718C62F00FC74AE /* Interface */,
				49F2128016EEA6F100721674 /* QSAppDelegate.h */,
				49F2128116EEA6F100721674 /* QSAppDelegate.m */,
				49F2128916EEA6F100721674 /* QSViewController.h */,
				49F2128A16EEA6F100721674 /* QSViewController.m */,
				49F2128C16EEA6F100721674 /* QSViewController.xib */,
				49AE8ED9171615F800A84C5A /* Score */,
				49AE8ED8171615DC00A84C5A /* AudioEngine */,
				49F2127816EEA6F100721674 /* Supporting Files */,
			);
			path = quicksynth;
			sourceTree = "<group>";
		};
		49F2127816EEA6F100721674 /* Supporting Files */ = {
			isa = PBXGroup;
			children = (
				499ED9301725C44200440EB7 /* icon-retina.png */,
				499ED9311725C44200440EB7 /* icon.png */,
				499ED9321725C44200440EB7 /* sawtooth.png */,
				499ED9331725C44200440EB7 /* sine.png */,
				499ED9341725C44200440EB7 /* splash.png */,
				499ED9351725C44200440EB7 /* square.png */,
				499ED9361725C44200440EB7 /* store-icon.png */,
				499ED9371725C44200440EB7 /* triangle.png */,
				49F2127916EEA6F100721674 /* quicksynth-Info.plist */,
				49F2127A16EEA6F100721674 /* InfoPlist.strings */,
				49F2127D16EEA6F100721674 /* main.m */,
				49F2127F16EEA6F100721674 /* quicksynth-Prefix.pch */,
				49F2128316EEA6F100721674 /* Default.png */,
				49F2128516EEA6F100721674 /* Default@2x.png */,
				49F2128716EEA6F100721674 /* Default-568h@2x.png */,
			);
			name = "Supporting Files";
			sourceTree = "<group>";
		};
		49F2129B16EEA6F100721674 /* quicksynthTests */ = {
			isa = PBXGroup;
			children = (
				49F212A116EEA6F100721674 /* quicksynthTests.h */,
				49F212A216EEA6F100721674 /* quicksynthTests.m */,
				49F2129C16EEA6F100721674 /* Supporting Files */,
			);
			path = quicksynthTests;
			sourceTree = "<group>";
		};
		49F2129C16EEA6F100721674 /* Supporting Files */ = {
			isa = PBXGroup;
			children = (
				49F2129D16EEA6F100721674 /* quicksynthTests-Info.plist */,
				49F2129E16EEA6F100721674 /* InfoPlist.strings */,
			);
			name = "Supporting Files";
			sourceTree = "<group>";
		};
/* End PBXGroup section */

/* Begin PBXNativeTarget section */
		49F2126D16EEA6F100721674 /* quicksynth */ = {
			isa = PBXNativeTarget;
			buildConfigurationList = 49F212A616EEA6F100721674 /* Build configuration list for PBXNativeTarget "quicksynth" */;
			buildPhases = (
				49F2126A16EEA6F100721674 /* Sources */,
				49F2126B16EEA6F100721674 /* Frameworks */,
				49F2126C16EEA6F100721674 /* Resources */,
			);
			buildRules = (
			);
			dependencies = (
			);
			name = quicksynth;
			productName = quicksynth;
			productReference = 49F2126E16EEA6F100721674 /* quicksynth.app */;
			productType = "com.apple.product-type.application";
		};
		49F2129316EEA6F100721674 /* quicksynthTests */ = {
			isa = PBXNativeTarget;
			buildConfigurationList = 49F212A916EEA6F100721674 /* Build configuration list for PBXNativeTarget "quicksynthTests" */;
			buildPhases = (
				49F2128F16EEA6F100721674 /* Sources */,
				49F2129016EEA6F100721674 /* Frameworks */,
				49F2129116EEA6F100721674 /* Resources */,
				49F2129216EEA6F100721674 /* ShellScript */,
			);
			buildRules = (
			);
			dependencies = (
				49F2129A16EEA6F100721674 /* PBXTargetDependency */,
			);
			name = quicksynthTests;
			productName = quicksynthTests;
			productReference = 49F2129416EEA6F100721674 /* quicksynthTests.octest */;
			productType = "com.apple.product-type.bundle";
		};
/* End PBXNativeTarget section */

/* Begin PBXProject section */
		49F2126616EEA6F100721674 /* Project object */ = {
			isa = PBXProject;
			attributes = {
				CLASSPREFIX = QS;
				LastUpgradeCheck = 0460;
				ORGANIZATIONNAME = Andrew;
			};
			buildConfigurationList = 49F2126916EEA6F100721674 /* Build configuration list for PBXProject "quicksynth" */;
			compatibilityVersion = "Xcode 3.2";
			developmentRegion = English;
			hasScannedForEncodings = 0;
			knownRegions = (
				en,
			);
			mainGroup = 49F2126516EEA6F100721674;
			productRefGroup = 49F2126F16EEA6F100721674 /* Products */;
			projectDirPath = "";
			projectRoot = "";
			targets = (
				49F2126D16EEA6F100721674 /* quicksynth */,
				49F2129316EEA6F100721674 /* quicksynthTests */,
			);
		};
/* End PBXProject section */

/* Begin PBXResourcesBuildPhase section */
		49F2126C16EEA6F100721674 /* Resources */ = {
			isa = PBXResourcesBuildPhase;
			buildActionMask = 2147483647;
			files = (
				49F2127C16EEA6F100721674 /* InfoPlist.strings in Resources */,
				49F2128416EEA6F100721674 /* Default.png in Resources */,
				49F2128616EEA6F100721674 /* Default@2x.png in Resources */,
				49F2128816EEA6F100721674 /* Default-568h@2x.png in Resources */,
				49F2128E16EEA6F100721674 /* QSViewController.xib in Resources */,
				49A08E501718FEFC00362360 /* QSSoundPopoverController.xib in Resources */,
				49AC9EE01719EF05003450EB /* QSOptionsPopoverController.xib in Resources */,
				499ED9281725C2DC00440EB7 /* Default-Landscape~ipad.png in Resources */,
				499ED92A1725C2E500440EB7 /* Default-Landscape@2x~ipad.png in Resources */,
				499ED92E1725C3CB00440EB7 /* icon-retina.png in Resources */,
				499ED92F1725C40600440EB7 /* icon.png in Resources */,
				499ED9381725C44200440EB7 /* icon-retina.png in Resources */,
				499ED9391725C44200440EB7 /* icon.png in Resources */,
				499ED93A1725C44200440EB7 /* sawtooth.png in Resources */,
				499ED93B1725C44200440EB7 /* sine.png in Resources */,
				499ED93C1725C44200440EB7 /* splash.png in Resources */,
				499ED93D1725C44200440EB7 /* square.png in Resources */,
				499ED93E1725C44200440EB7 /* store-icon.png in Resources */,
				499ED93F1725C44200440EB7 /* triangle.png in Resources */,
			);
			runOnlyForDeploymentPostprocessing = 0;
		};
		49F2129116EEA6F100721674 /* Resources */ = {
			isa = PBXResourcesBuildPhase;
			buildActionMask = 2147483647;
			files = (
				49F212A016EEA6F100721674 /* InfoPlist.strings in Resources */,
			);
			runOnlyForDeploymentPostprocessing = 0;
		};
/* End PBXResourcesBuildPhase section */

/* Begin PBXShellScriptBuildPhase section */
		49F2129216EEA6F100721674 /* ShellScript */ = {
			isa = PBXShellScriptBuildPhase;
			buildActionMask = 2147483647;
			files = (
			);
			inputPaths = (
			);
			outputPaths = (
			);
			runOnlyForDeploymentPostprocessing = 0;
			shellPath = /bin/sh;
			shellScript = "# Run the unit tests in this test bundle.\n\"${SYSTEM_DEVELOPER_DIR}/Tools/RunUnitTests\"\n";
		};
/* End PBXShellScriptBuildPhase section */

/* Begin PBXSourcesBuildPhase section */
		49F2126A16EEA6F100721674 /* Sources */ = {
			isa = PBXSourcesBuildPhase;
			buildActionMask = 2147483647;
			files = (
				49F2127E16EEA6F100721674 /* main.m in Sources */,
				49F2128216EEA6F100721674 /* QSAppDelegate.m in Sources */,
				49F2128B16EEA6F100721674 /* QSViewController.m in Sources */,
				49F32A4216EEECBE00D8329C /* QSScore.m in Sources */,
				49F32A4516EEEDA800D8329C /* QSSound.m in Sources */,
				49F32A4816EEF81000D8329C /* QSModifier.m in Sources */,
				49BB6943170CDB0900029AE9 /* QSAudioEngine.m in Sources */,
				49AE8ED7171615C000A84C5A /* QSSoundNode.m in Sources */,
				49A8F1A417178BD1002E3453 /* QSScoreView.m in Sources */,
				49A070ED1718C62A00FC74AE /* QSSoundButton.m in Sources */,
				49A08E4F1718FEFC00362360 /* QSSoundPopoverController.m in Sources */,
				49AC9EDF1719EF05003450EB /* QSOptionsPopoverController.m in Sources */,
				49A5B70A171A2F3A00199158 /* QSSnapSize.m in Sources */,
			);
			runOnlyForDeploymentPostprocessing = 0;
		};
		49F2128F16EEA6F100721674 /* Sources */ = {
			isa = PBXSourcesBuildPhase;
			buildActionMask = 2147483647;
			files = (
				49F212A316EEA6F100721674 /* quicksynthTests.m in Sources */,
			);
			runOnlyForDeploymentPostprocessing = 0;
		};
/* End PBXSourcesBuildPhase section */

/* Begin PBXTargetDependency section */
		49F2129A16EEA6F100721674 /* PBXTargetDependency */ = {
			isa = PBXTargetDependency;
			target = 49F2126D16EEA6F100721674 /* quicksynth */;
			targetProxy = 49F2129916EEA6F100721674 /* PBXContainerItemProxy */;
		};
/* End PBXTargetDependency section */

/* Begin PBXVariantGroup section */
		49F2127A16EEA6F100721674 /* InfoPlist.strings */ = {
			isa = PBXVariantGroup;
			children = (
				49F2127B16EEA6F100721674 /* en */,
			);
			name = InfoPlist.strings;
			sourceTree = "<group>";
		};
		49F2128C16EEA6F100721674 /* QSViewController.xib */ = {
			isa = PBXVariantGroup;
			children = (
				49F2128D16EEA6F100721674 /* en */,
			);
			name = QSViewController.xib;
			sourceTree = "<group>";
		};
		49F2129E16EEA6F100721674 /* InfoPlist.strings */ = {
			isa = PBXVariantGroup;
			children = (
				49F2129F16EEA6F100721674 /* en */,
			);
			name = InfoPlist.strings;
			sourceTree = "<group>";
		};
/* End PBXVariantGroup section */

/* Begin XCBuildConfiguration section */
		49F212A416EEA6F100721674 /* Debug */ = {
			isa = XCBuildConfiguration;
			buildSettings = {
				ALWAYS_SEARCH_USER_PATHS = NO;
				CLANG_CXX_LANGUAGE_STANDARD = "gnu++0x";
				CLANG_CXX_LIBRARY = "libc++";
				CLANG_ENABLE_OBJC_ARC = YES;
				CLANG_WARN_CONSTANT_CONVERSION = YES;
				CLANG_WARN_EMPTY_BODY = YES;
				CLANG_WARN_ENUM_CONVERSION = YES;
				CLANG_WARN_INT_CONVERSION = YES;
				CLANG_WARN__DUPLICATE_METHOD_MATCH = YES;
				"CODE_SIGN_IDENTITY[sdk=iphoneos*]" = "iPhone Developer";
				COPY_PHASE_STRIP = NO;
				GCC_C_LANGUAGE_STANDARD = gnu99;
				GCC_DYNAMIC_NO_PIC = NO;
				GCC_OPTIMIZATION_LEVEL = 0;
				GCC_PREPROCESSOR_DEFINITIONS = (
					"DEBUG=1",
					"$(inherited)",
				);
				GCC_SYMBOLS_PRIVATE_EXTERN = NO;
				GCC_WARN_ABOUT_RETURN_TYPE = YES;
				GCC_WARN_UNINITIALIZED_AUTOS = YES;
				GCC_WARN_UNUSED_VARIABLE = YES;
				IPHONEOS_DEPLOYMENT_TARGET = 6.1;
				ONLY_ACTIVE_ARCH = YES;
				SDKROOT = iphoneos;
				TARGETED_DEVICE_FAMILY = 2;
			};
			name = Debug;
		};
		49F212A516EEA6F100721674 /* Release */ = {
			isa = XCBuildConfiguration;
			buildSettings = {
				ALWAYS_SEARCH_USER_PATHS = NO;
				CLANG_CXX_LANGUAGE_STANDARD = "gnu++0x";
				CLANG_CXX_LIBRARY = "libc++";
				CLANG_ENABLE_OBJC_ARC = YES;
				CLANG_WARN_CONSTANT_CONVERSION = YES;
				CLANG_WARN_EMPTY_BODY = YES;
				CLANG_WARN_ENUM_CONVERSION = YES;
				CLANG_WARN_INT_CONVERSION = YES;
				CLANG_WARN__DUPLICATE_METHOD_MATCH = YES;
				"CODE_SIGN_IDENTITY[sdk=iphoneos*]" = "iPhone Developer";
				COPY_PHASE_STRIP = YES;
				GCC_C_LANGUAGE_STANDARD = gnu99;
				GCC_WARN_ABOUT_RETURN_TYPE = YES;
				GCC_WARN_UNINITIALIZED_AUTOS = YES;
				GCC_WARN_UNUSED_VARIABLE = YES;
				IPHONEOS_DEPLOYMENT_TARGET = 6.1;
				OTHER_CFLAGS = "-DNS_BLOCK_ASSERTIONS=1";
				SDKROOT = iphoneos;
				TARGETED_DEVICE_FAMILY = 2;
				VALIDATE_PRODUCT = YES;
			};
			name = Release;
		};
		49F212A716EEA6F100721674 /* Debug */ = {
			isa = XCBuildConfiguration;
			buildSettings = {
				GCC_PRECOMPILE_PREFIX_HEADER = YES;
				GCC_PREFIX_HEADER = "quicksynth/quicksynth-Prefix.pch";
				INFOPLIST_FILE = "quicksynth/quicksynth-Info.plist";
				PRODUCT_NAME = "$(TARGET_NAME)";
				WRAPPER_EXTENSION = app;
			};
			name = Debug;
		};
		49F212A816EEA6F100721674 /* Release */ = {
			isa = XCBuildConfiguration;
			buildSettings = {
				GCC_PRECOMPILE_PREFIX_HEADER = YES;
				GCC_PREFIX_HEADER = "quicksynth/quicksynth-Prefix.pch";
				INFOPLIST_FILE = "quicksynth/quicksynth-Info.plist";
				PRODUCT_NAME = "$(TARGET_NAME)";
				WRAPPER_EXTENSION = app;
			};
			name = Release;
		};
		49F212AA16EEA6F100721674 /* Debug */ = {
			isa = XCBuildConfiguration;
			buildSettings = {
				BUNDLE_LOADER = "$(BUILT_PRODUCTS_DIR)/quicksynth.app/quicksynth";
				FRAMEWORK_SEARCH_PATHS = (
					"\"$(SDKROOT)/Developer/Library/Frameworks\"",
					"\"$(DEVELOPER_LIBRARY_DIR)/Frameworks\"",
				);
				GCC_PRECOMPILE_PREFIX_HEADER = YES;
				GCC_PREFIX_HEADER = "quicksynth/quicksynth-Prefix.pch";
				INFOPLIST_FILE = "quicksynthTests/quicksynthTests-Info.plist";
				PRODUCT_NAME = "$(TARGET_NAME)";
				TEST_HOST = "$(BUNDLE_LOADER)";
				WRAPPER_EXTENSION = octest;
			};
			name = Debug;
		};
		49F212AB16EEA6F100721674 /* Release */ = {
			isa = XCBuildConfiguration;
			buildSettings = {
				BUNDLE_LOADER = "$(BUILT_PRODUCTS_DIR)/quicksynth.app/quicksynth";
				FRAMEWORK_SEARCH_PATHS = (
					"\"$(SDKROOT)/Developer/Library/Frameworks\"",
					"\"$(DEVELOPER_LIBRARY_DIR)/Frameworks\"",
				);
				GCC_PRECOMPILE_PREFIX_HEADER = YES;
				GCC_PREFIX_HEADER = "quicksynth/quicksynth-Prefix.pch";
				INFOPLIST_FILE = "quicksynthTests/quicksynthTests-Info.plist";
				PRODUCT_NAME = "$(TARGET_NAME)";
				TEST_HOST = "$(BUNDLE_LOADER)";
				WRAPPER_EXTENSION = octest;
			};
			name = Release;
		};
/* End XCBuildConfiguration section */

/* Begin XCConfigurationList section */
		49F2126916EEA6F100721674 /* Build configuration list for PBXProject "quicksynth" */ = {
			isa = XCConfigurationList;
			buildConfigurations = (
				49F212A416EEA6F100721674 /* Debug */,
				49F212A516EEA6F100721674 /* Release */,
			);
			defaultConfigurationIsVisible = 0;
			defaultConfigurationName = Release;
		};
		49F212A616EEA6F100721674 /* Build configuration list for PBXNativeTarget "quicksynth" */ = {
			isa = XCConfigurationList;
			buildConfigurations = (
				49F212A716EEA6F100721674 /* Debug */,
				49F212A816EEA6F100721674 /* Release */,
			);
			defaultConfigurationIsVisible = 0;
			defaultConfigurationName = Release;
		};
		49F212A916EEA6F100721674 /* Build configuration list for PBXNativeTarget "quicksynthTests" */ = {
			isa = XCConfigurationList;
			buildConfigurations = (
				49F212AA16EEA6F100721674 /* Debug */,
				49F212AB16EEA6F100721674 /* Release */,
			);
			defaultConfigurationIsVisible = 0;
			defaultConfigurationName = Release;
		};
/* End XCConfigurationList section */
	};
	rootObject = 49F2126616EEA6F100721674 /* Project object */;
}
