// !$*UTF8*$!
{
	archiveVersion = 1;
	classes = {
	};
	objectVersion = 46;
	objects = {

/* Begin PBXBuildFile section */
		4932262016E7023600EA3C90 /* UIKit.framework in Frameworks */ = {isa = PBXBuildFile; fileRef = 4932261F16E7023600EA3C90 /* UIKit.framework */; };
		4932262216E7023600EA3C90 /* Foundation.framework in Frameworks */ = {isa = PBXBuildFile; fileRef = 4932262116E7023600EA3C90 /* Foundation.framework */; };
		4932262416E7023600EA3C90 /* CoreGraphics.framework in Frameworks */ = {isa = PBXBuildFile; fileRef = 4932262316E7023600EA3C90 /* CoreGraphics.framework */; };
		4932262A16E7023600EA3C90 /* InfoPlist.strings in Resources */ = {isa = PBXBuildFile; fileRef = 4932262816E7023600EA3C90 /* InfoPlist.strings */; };
		4932262C16E7023600EA3C90 /* main.m in Sources */ = {isa = PBXBuildFile; fileRef = 4932262B16E7023600EA3C90 /* main.m */; };
		4932263016E7023600EA3C90 /* AppDelegate.m in Sources */ = {isa = PBXBuildFile; fileRef = 4932262F16E7023600EA3C90 /* AppDelegate.m */; };
		4932263216E7023600EA3C90 /* Default.png in Resources */ = {isa = PBXBuildFile; fileRef = 4932263116E7023600EA3C90 /* Default.png */; };
		4932263416E7023600EA3C90 /* Default@2x.png in Resources */ = {isa = PBXBuildFile; fileRef = 4932263316E7023600EA3C90 /* Default@2x.png */; };
		4932263616E7023600EA3C90 /* Default-568h@2x.png in Resources */ = {isa = PBXBuildFile; fileRef = 4932263516E7023600EA3C90 /* Default-568h@2x.png */; };
		4932263916E7023600EA3C90 /* ViewController.m in Sources */ = {isa = PBXBuildFile; fileRef = 4932263816E7023600EA3C90 /* ViewController.m */; };
		4932264416E7023600EA3C90 /* SenTestingKit.framework in Frameworks */ = {isa = PBXBuildFile; fileRef = 4932264316E7023600EA3C90 /* SenTestingKit.framework */; };
		4932264516E7023600EA3C90 /* UIKit.framework in Frameworks */ = {isa = PBXBuildFile; fileRef = 4932261F16E7023600EA3C90 /* UIKit.framework */; };
		4932264616E7023600EA3C90 /* Foundation.framework in Frameworks */ = {isa = PBXBuildFile; fileRef = 4932262116E7023600EA3C90 /* Foundation.framework */; };
		4932264E16E7023600EA3C90 /* InfoPlist.strings in Resources */ = {isa = PBXBuildFile; fileRef = 4932264C16E7023600EA3C90 /* InfoPlist.strings */; };
		4932265116E7023600EA3C90 /* quicksynthTests.m in Sources */ = {isa = PBXBuildFile; fileRef = 4932265016E7023600EA3C90 /* quicksynthTests.m */; };
/* End PBXBuildFile section */

/* Begin PBXContainerItemProxy section */
		4932264716E7023600EA3C90 /* PBXContainerItemProxy */ = {
			isa = PBXContainerItemProxy;
			containerPortal = 4932261416E7023600EA3C90 /* Project object */;
			proxyType = 1;
			remoteGlobalIDString = 4932261B16E7023600EA3C90;
			remoteInfo = quicksynth;
		};
/* End PBXContainerItemProxy section */

/* Begin PBXFileReference section */
		4932261C16E7023600EA3C90 /* quicksynth.app */ = {isa = PBXFileReference; explicitFileType = wrapper.application; includeInIndex = 0; path = quicksynth.app; sourceTree = BUILT_PRODUCTS_DIR; };
		4932261F16E7023600EA3C90 /* UIKit.framework */ = {isa = PBXFileReference; lastKnownFileType = wrapper.framework; name = UIKit.framework; path = System/Library/Frameworks/UIKit.framework; sourceTree = SDKROOT; };
		4932262116E7023600EA3C90 /* Foundation.framework */ = {isa = PBXFileReference; lastKnownFileType = wrapper.framework; name = Foundation.framework; path = System/Library/Frameworks/Foundation.framework; sourceTree = SDKROOT; };
		4932262316E7023600EA3C90 /* CoreGraphics.framework */ = {isa = PBXFileReference; lastKnownFileType = wrapper.framework; name = CoreGraphics.framework; path = System/Library/Frameworks/CoreGraphics.framework; sourceTree = SDKROOT; };
		4932262716E7023600EA3C90 /* quicksynth-Info.plist */ = {isa = PBXFileReference; lastKnownFileType = text.plist.xml; path = "quicksynth-Info.plist"; sourceTree = "<group>"; };
		4932262916E7023600EA3C90 /* en */ = {isa = PBXFileReference; lastKnownFileType = text.plist.strings; name = en; path = en.lproj/InfoPlist.strings; sourceTree = "<group>"; };
		4932262B16E7023600EA3C90 /* main.m */ = {isa = PBXFileReference; lastKnownFileType = sourcecode.c.objc; path = main.m; sourceTree = "<group>"; };
		4932262D16E7023600EA3C90 /* quicksynth-Prefix.pch */ = {isa = PBXFileReference; lastKnownFileType = sourcecode.c.h; path = "quicksynth-Prefix.pch"; sourceTree = "<group>"; };
		4932262E16E7023600EA3C90 /* AppDelegate.h */ = {isa = PBXFileReference; lastKnownFileType = sourcecode.c.h; path = AppDelegate.h; sourceTree = "<group>"; };
		4932262F16E7023600EA3C90 /* AppDelegate.m */ = {isa = PBXFileReference; lastKnownFileType = sourcecode.c.objc; path = AppDelegate.m; sourceTree = "<group>"; };
		4932263116E7023600EA3C90 /* Default.png */ = {isa = PBXFileReference; lastKnownFileType = image.png; path = Default.png; sourceTree = "<group>"; };
		4932263316E7023600EA3C90 /* Default@2x.png */ = {isa = PBXFileReference; lastKnownFileType = image.png; path = "Default@2x.png"; sourceTree = "<group>"; };
		4932263516E7023600EA3C90 /* Default-568h@2x.png */ = {isa = PBXFileReference; lastKnownFileType = image.png; path = "Default-568h@2x.png"; sourceTree = "<group>"; };
		4932263716E7023600EA3C90 /* ViewController.h */ = {isa = PBXFileReference; lastKnownFileType = sourcecode.c.h; path = ViewController.h; sourceTree = "<group>"; };
		4932263816E7023600EA3C90 /* ViewController.m */ = {isa = PBXFileReference; lastKnownFileType = sourcecode.c.objc; path = ViewController.m; sourceTree = "<group>"; };
		4932264216E7023600EA3C90 /* quicksynthTests.octest */ = {isa = PBXFileReference; explicitFileType = wrapper.cfbundle; includeInIndex = 0; path = quicksynthTests.octest; sourceTree = BUILT_PRODUCTS_DIR; };
		4932264316E7023600EA3C90 /* SenTestingKit.framework */ = {isa = PBXFileReference; lastKnownFileType = wrapper.framework; name = SenTestingKit.framework; path = Library/Frameworks/SenTestingKit.framework; sourceTree = DEVELOPER_DIR; };
		4932264B16E7023600EA3C90 /* quicksynthTests-Info.plist */ = {isa = PBXFileReference; lastKnownFileType = text.plist.xml; path = "quicksynthTests-Info.plist"; sourceTree = "<group>"; };
		4932264D16E7023600EA3C90 /* en */ = {isa = PBXFileReference; lastKnownFileType = text.plist.strings; name = en; path = en.lproj/InfoPlist.strings; sourceTree = "<group>"; };
		4932264F16E7023600EA3C90 /* quicksynthTests.h */ = {isa = PBXFileReference; lastKnownFileType = sourcecode.c.h; path = quicksynthTests.h; sourceTree = "<group>"; };
		4932265016E7023600EA3C90 /* quicksynthTests.m */ = {isa = PBXFileReference; lastKnownFileType = sourcecode.c.objc; path = quicksynthTests.m; sourceTree = "<group>"; };
/* End PBXFileReference section */

/* Begin PBXFrameworksBuildPhase section */
		4932261916E7023600EA3C90 /* Frameworks */ = {
			isa = PBXFrameworksBuildPhase;
			buildActionMask = 2147483647;
			files = (
				4932262016E7023600EA3C90 /* UIKit.framework in Frameworks */,
				4932262216E7023600EA3C90 /* Foundation.framework in Frameworks */,
				4932262416E7023600EA3C90 /* CoreGraphics.framework in Frameworks */,
			);
			runOnlyForDeploymentPostprocessing = 0;
		};
		4932263E16E7023600EA3C90 /* Frameworks */ = {
			isa = PBXFrameworksBuildPhase;
			buildActionMask = 2147483647;
			files = (
				4932264416E7023600EA3C90 /* SenTestingKit.framework in Frameworks */,
				4932264516E7023600EA3C90 /* UIKit.framework in Frameworks */,
				4932264616E7023600EA3C90 /* Foundation.framework in Frameworks */,
			);
			runOnlyForDeploymentPostprocessing = 0;
		};
/* End PBXFrameworksBuildPhase section */

/* Begin PBXGroup section */
		4932261316E7023600EA3C90 = {
			isa = PBXGroup;
			children = (
				4932262516E7023600EA3C90 /* quicksynth */,
				4932264916E7023600EA3C90 /* quicksynthTests */,
				4932261E16E7023600EA3C90 /* Frameworks */,
				4932261D16E7023600EA3C90 /* Products */,
			);
			sourceTree = "<group>";
		};
		4932261D16E7023600EA3C90 /* Products */ = {
			isa = PBXGroup;
			children = (
				4932261C16E7023600EA3C90 /* quicksynth.app */,
				4932264216E7023600EA3C90 /* quicksynthTests.octest */,
			);
			name = Products;
			sourceTree = "<group>";
		};
		4932261E16E7023600EA3C90 /* Frameworks */ = {
			isa = PBXGroup;
			children = (
				4932261F16E7023600EA3C90 /* UIKit.framework */,
				4932262116E7023600EA3C90 /* Foundation.framework */,
				4932262316E7023600EA3C90 /* CoreGraphics.framework */,
				4932264316E7023600EA3C90 /* SenTestingKit.framework */,
			);
			name = Frameworks;
			sourceTree = "<group>";
		};
		4932262516E7023600EA3C90 /* quicksynth */ = {
			isa = PBXGroup;
			children = (
				4932262E16E7023600EA3C90 /* AppDelegate.h */,
				4932262F16E7023600EA3C90 /* AppDelegate.m */,
				4932263716E7023600EA3C90 /* ViewController.h */,
				4932263816E7023600EA3C90 /* ViewController.m */,
				4932262616E7023600EA3C90 /* Supporting Files */,
			);
			path = quicksynth;
			sourceTree = "<group>";
		};
		4932262616E7023600EA3C90 /* Supporting Files */ = {
			isa = PBXGroup;
			children = (
				4932262716E7023600EA3C90 /* quicksynth-Info.plist */,
				4932262816E7023600EA3C90 /* InfoPlist.strings */,
				4932262B16E7023600EA3C90 /* main.m */,
				4932262D16E7023600EA3C90 /* quicksynth-Prefix.pch */,
				4932263116E7023600EA3C90 /* Default.png */,
				4932263316E7023600EA3C90 /* Default@2x.png */,
				4932263516E7023600EA3C90 /* Default-568h@2x.png */,
			);
			name = "Supporting Files";
			sourceTree = "<group>";
		};
		4932264916E7023600EA3C90 /* quicksynthTests */ = {
			isa = PBXGroup;
			children = (
				4932264F16E7023600EA3C90 /* quicksynthTests.h */,
				4932265016E7023600EA3C90 /* quicksynthTests.m */,
				4932264A16E7023600EA3C90 /* Supporting Files */,
			);
			path = quicksynthTests;
			sourceTree = "<group>";
		};
		4932264A16E7023600EA3C90 /* Supporting Files */ = {
			isa = PBXGroup;
			children = (
				4932264B16E7023600EA3C90 /* quicksynthTests-Info.plist */,
				4932264C16E7023600EA3C90 /* InfoPlist.strings */,
			);
			name = "Supporting Files";
			sourceTree = "<group>";
		};
/* End PBXGroup section */

/* Begin PBXNativeTarget section */
		4932261B16E7023600EA3C90 /* quicksynth */ = {
			isa = PBXNativeTarget;
			buildConfigurationList = 4932265416E7023600EA3C90 /* Build configuration list for PBXNativeTarget "quicksynth" */;
			buildPhases = (
				4932261816E7023600EA3C90 /* Sources */,
				4932261916E7023600EA3C90 /* Frameworks */,
				4932261A16E7023600EA3C90 /* Resources */,
			);
			buildRules = (
			);
			dependencies = (
			);
			name = quicksynth;
			productName = quicksynth;
			productReference = 4932261C16E7023600EA3C90 /* quicksynth.app */;
			productType = "com.apple.product-type.application";
		};
		4932264116E7023600EA3C90 /* quicksynthTests */ = {
			isa = PBXNativeTarget;
			buildConfigurationList = 4932265716E7023600EA3C90 /* Build configuration list for PBXNativeTarget "quicksynthTests" */;
			buildPhases = (
				4932263D16E7023600EA3C90 /* Sources */,
				4932263E16E7023600EA3C90 /* Frameworks */,
				4932263F16E7023600EA3C90 /* Resources */,
				4932264016E7023600EA3C90 /* ShellScript */,
			);
			buildRules = (
			);
			dependencies = (
				4932264816E7023600EA3C90 /* PBXTargetDependency */,
			);
			name = quicksynthTests;
			productName = quicksynthTests;
			productReference = 4932264216E7023600EA3C90 /* quicksynthTests.octest */;
			productType = "com.apple.product-type.bundle";
		};
/* End PBXNativeTarget section */

/* Begin PBXProject section */
		4932261416E7023600EA3C90 /* Project object */ = {
			isa = PBXProject;
			attributes = {
				LastUpgradeCheck = 0460;
				ORGANIZATIONNAME = Andrew;
			};
			buildConfigurationList = 4932261716E7023600EA3C90 /* Build configuration list for PBXProject "quicksynth" */;
			compatibilityVersion = "Xcode 3.2";
			developmentRegion = English;
			hasScannedForEncodings = 0;
			knownRegions = (
				en,
			);
			mainGroup = 4932261316E7023600EA3C90;
			productRefGroup = 4932261D16E7023600EA3C90 /* Products */;
			projectDirPath = "";
			projectRoot = "";
			targets = (
				4932261B16E7023600EA3C90 /* quicksynth */,
				4932264116E7023600EA3C90 /* quicksynthTests */,
			);
		};
/* End PBXProject section */

/* Begin PBXResourcesBuildPhase section */
		4932261A16E7023600EA3C90 /* Resources */ = {
			isa = PBXResourcesBuildPhase;
			buildActionMask = 2147483647;
			files = (
				4932262A16E7023600EA3C90 /* InfoPlist.strings in Resources */,
				4932263216E7023600EA3C90 /* Default.png in Resources */,
				4932263416E7023600EA3C90 /* Default@2x.png in Resources */,
				4932263616E7023600EA3C90 /* Default-568h@2x.png in Resources */,
			);
			runOnlyForDeploymentPostprocessing = 0;
		};
		4932263F16E7023600EA3C90 /* Resources */ = {
			isa = PBXResourcesBuildPhase;
			buildActionMask = 2147483647;
			files = (
				4932264E16E7023600EA3C90 /* InfoPlist.strings in Resources */,
			);
			runOnlyForDeploymentPostprocessing = 0;
		};
/* End PBXResourcesBuildPhase section */

/* Begin PBXShellScriptBuildPhase section */
		4932264016E7023600EA3C90 /* ShellScript */ = {
			isa = PBXShellScriptBuildPhase;
			buildActionMask = 2147483647;
			files = (
			);
			inputPaths = (
			);
			outputPaths = (
			);
			runOnlyForDeploymentPostprocessing = 0;
			shellPath = /bin/sh;
			shellScript = "# Run the unit tests in this test bundle.\n\"${SYSTEM_DEVELOPER_DIR}/Tools/RunUnitTests\"\n";
		};
/* End PBXShellScriptBuildPhase section */

/* Begin PBXSourcesBuildPhase section */
		4932261816E7023600EA3C90 /* Sources */ = {
			isa = PBXSourcesBuildPhase;
			buildActionMask = 2147483647;
			files = (
				4932262C16E7023600EA3C90 /* main.m in Sources */,
				4932263016E7023600EA3C90 /* AppDelegate.m in Sources */,
				4932263916E7023600EA3C90 /* ViewController.m in Sources */,
			);
			runOnlyForDeploymentPostprocessing = 0;
		};
		4932263D16E7023600EA3C90 /* Sources */ = {
			isa = PBXSourcesBuildPhase;
			buildActionMask = 2147483647;
			files = (
				4932265116E7023600EA3C90 /* quicksynthTests.m in Sources */,
			);
			runOnlyForDeploymentPostprocessing = 0;
		};
/* End PBXSourcesBuildPhase section */

/* Begin PBXTargetDependency section */
		4932264816E7023600EA3C90 /* PBXTargetDependency */ = {
			isa = PBXTargetDependency;
			target = 4932261B16E7023600EA3C90 /* quicksynth */;
			targetProxy = 4932264716E7023600EA3C90 /* PBXContainerItemProxy */;
		};
/* End PBXTargetDependency section */

/* Begin PBXVariantGroup section */
		4932262816E7023600EA3C90 /* InfoPlist.strings */ = {
			isa = PBXVariantGroup;
			children = (
				4932262916E7023600EA3C90 /* en */,
			);
			name = InfoPlist.strings;
			sourceTree = "<group>";
		};
		4932264C16E7023600EA3C90 /* InfoPlist.strings */ = {
			isa = PBXVariantGroup;
			children = (
				4932264D16E7023600EA3C90 /* en */,
			);
			name = InfoPlist.strings;
			sourceTree = "<group>";
		};
/* End PBXVariantGroup section */

/* Begin XCBuildConfiguration section */
		4932265216E7023600EA3C90 /* Debug */ = {
			isa = XCBuildConfiguration;
			buildSettings = {
				ALWAYS_SEARCH_USER_PATHS = NO;
				CLANG_CXX_LANGUAGE_STANDARD = "gnu++0x";
				CLANG_CXX_LIBRARY = "libc++";
				CLANG_ENABLE_OBJC_ARC = YES;
				CLANG_WARN_CONSTANT_CONVERSION = YES;
				CLANG_WARN_EMPTY_BODY = YES;
				CLANG_WARN_ENUM_CONVERSION = YES;
				CLANG_WARN_INT_CONVERSION = YES;
				CLANG_WARN__DUPLICATE_METHOD_MATCH = YES;
				"CODE_SIGN_IDENTITY[sdk=iphoneos*]" = "iPhone Developer";
				COPY_PHASE_STRIP = NO;
				GCC_C_LANGUAGE_STANDARD = gnu99;
				GCC_DYNAMIC_NO_PIC = NO;
				GCC_OPTIMIZATION_LEVEL = 0;
				GCC_PREPROCESSOR_DEFINITIONS = (
					"DEBUG=1",
					"$(inherited)",
				);
				GCC_SYMBOLS_PRIVATE_EXTERN = NO;
				GCC_WARN_ABOUT_RETURN_TYPE = YES;
				GCC_WARN_UNINITIALIZED_AUTOS = YES;
				GCC_WARN_UNUSED_VARIABLE = YES;
				IPHONEOS_DEPLOYMENT_TARGET = 6.1;
				ONLY_ACTIVE_ARCH = YES;
				SDKROOT = iphoneos;
				TARGETED_DEVICE_FAMILY = 2;
			};
			name = Debug;
		};
		4932265316E7023600EA3C90 /* Release */ = {
			isa = XCBuildConfiguration;
			buildSettings = {
				ALWAYS_SEARCH_USER_PATHS = NO;
				CLANG_CXX_LANGUAGE_STANDARD = "gnu++0x";
				CLANG_CXX_LIBRARY = "libc++";
				CLANG_ENABLE_OBJC_ARC = YES;
				CLANG_WARN_CONSTANT_CONVERSION = YES;
				CLANG_WARN_EMPTY_BODY = YES;
				CLANG_WARN_ENUM_CONVERSION = YES;
				CLANG_WARN_INT_CONVERSION = YES;
				CLANG_WARN__DUPLICATE_METHOD_MATCH = YES;
				"CODE_SIGN_IDENTITY[sdk=iphoneos*]" = "iPhone Developer";
				COPY_PHASE_STRIP = YES;
				GCC_C_LANGUAGE_STANDARD = gnu99;
				GCC_WARN_ABOUT_RETURN_TYPE = YES;
				GCC_WARN_UNINITIALIZED_AUTOS = YES;
				GCC_WARN_UNUSED_VARIABLE = YES;
				IPHONEOS_DEPLOYMENT_TARGET = 6.1;
				OTHER_CFLAGS = "-DNS_BLOCK_ASSERTIONS=1";
				SDKROOT = iphoneos;
				TARGETED_DEVICE_FAMILY = 2;
				VALIDATE_PRODUCT = YES;
			};
			name = Release;
		};
		4932265516E7023600EA3C90 /* Debug */ = {
			isa = XCBuildConfiguration;
			buildSettings = {
				GCC_PRECOMPILE_PREFIX_HEADER = YES;
				GCC_PREFIX_HEADER = "quicksynth/quicksynth-Prefix.pch";
				INFOPLIST_FILE = "quicksynth/quicksynth-Info.plist";
				PRODUCT_NAME = "$(TARGET_NAME)";
				WRAPPER_EXTENSION = app;
			};
			name = Debug;
		};
		4932265616E7023600EA3C90 /* Release */ = {
			isa = XCBuildConfiguration;
			buildSettings = {
				GCC_PRECOMPILE_PREFIX_HEADER = YES;
				GCC_PREFIX_HEADER = "quicksynth/quicksynth-Prefix.pch";
				INFOPLIST_FILE = "quicksynth/quicksynth-Info.plist";
				PRODUCT_NAME = "$(TARGET_NAME)";
				WRAPPER_EXTENSION = app;
			};
			name = Release;
		};
		4932265816E7023600EA3C90 /* Debug */ = {
			isa = XCBuildConfiguration;
			buildSettings = {
				BUNDLE_LOADER = "$(BUILT_PRODUCTS_DIR)/quicksynth.app/quicksynth";
				FRAMEWORK_SEARCH_PATHS = (
					"\"$(SDKROOT)/Developer/Library/Frameworks\"",
					"\"$(DEVELOPER_LIBRARY_DIR)/Frameworks\"",
				);
				GCC_PRECOMPILE_PREFIX_HEADER = YES;
				GCC_PREFIX_HEADER = "quicksynth/quicksynth-Prefix.pch";
				INFOPLIST_FILE = "quicksynthTests/quicksynthTests-Info.plist";
				PRODUCT_NAME = "$(TARGET_NAME)";
				TEST_HOST = "$(BUNDLE_LOADER)";
				WRAPPER_EXTENSION = octest;
			};
			name = Debug;
		};
		4932265916E7023600EA3C90 /* Release */ = {
			isa = XCBuildConfiguration;
			buildSettings = {
				BUNDLE_LOADER = "$(BUILT_PRODUCTS_DIR)/quicksynth.app/quicksynth";
				FRAMEWORK_SEARCH_PATHS = (
					"\"$(SDKROOT)/Developer/Library/Frameworks\"",
					"\"$(DEVELOPER_LIBRARY_DIR)/Frameworks\"",
				);
				GCC_PRECOMPILE_PREFIX_HEADER = YES;
				GCC_PREFIX_HEADER = "quicksynth/quicksynth-Prefix.pch";
				INFOPLIST_FILE = "quicksynthTests/quicksynthTests-Info.plist";
				PRODUCT_NAME = "$(TARGET_NAME)";
				TEST_HOST = "$(BUNDLE_LOADER)";
				WRAPPER_EXTENSION = octest;
			};
			name = Release;
		};
/* End XCBuildConfiguration section */

/* Begin XCConfigurationList section */
		4932261716E7023600EA3C90 /* Build configuration list for PBXProject "quicksynth" */ = {
			isa = XCConfigurationList;
			buildConfigurations = (
				4932265216E7023600EA3C90 /* Debug */,
				4932265316E7023600EA3C90 /* Release */,
			);
			defaultConfigurationIsVisible = 0;
			defaultConfigurationName = Release;
		};
		4932265416E7023600EA3C90 /* Build configuration list for PBXNativeTarget "quicksynth" */ = {
			isa = XCConfigurationList;
			buildConfigurations = (
				4932265516E7023600EA3C90 /* Debug */,
				4932265616E7023600EA3C90 /* Release */,
			);
			defaultConfigurationIsVisible = 0;
		};
		4932265716E7023600EA3C90 /* Build configuration list for PBXNativeTarget "quicksynthTests" */ = {
			isa = XCConfigurationList;
			buildConfigurations = (
				4932265816E7023600EA3C90 /* Debug */,
				4932265916E7023600EA3C90 /* Release */,
			);
			defaultConfigurationIsVisible = 0;
		};
/* End XCConfigurationList section */
	};
	rootObject = 4932261416E7023600EA3C90 /* Project object */;
}
